
Microsoft Visual Studio Solution File, Format Version 12.00
# Visual Studio Version 17
VisualStudioVersion = 17.0.31903.59
MinimumVisualStudioVersion = 10.0.40219.1
Project("{2150E333-8FDC-42A3-9474-1A3956D46DE8}") = "src", "src", "{9B5C795D-E50E-44D4-8D21-AA236A849EE4}"
EndProject
Project("{2150E333-8FDC-42A3-9474-1A3956D46DE8}") = "CleanArchitecture", "CleanArchitecture", "{CBD098E2-5627-4DEC-822D-EF27D3C5F012}"
EndProject
Project("{FAE04EC0-301F-11D3-BF4B-00C04F79EFBC}") = "CleanArchitecture.Domain", "src\CleanArchitecture\CleanArchitecture.Domain\CleanArchitecture.Domain.csproj", "{ABF6C791-D154-409F-B58D-01B33742B9DB}"
EndProject
Global
	GlobalSection(SolutionConfigurationPlatforms) = preSolution
		Debug|Any CPU = Debug|Any CPU
		Release|Any CPU = Release|Any CPU
	EndGlobalSection
	GlobalSection(SolutionProperties) = preSolution
		HideSolutionNode = FALSE
	EndGlobalSection
	GlobalSection(ProjectConfigurationPlatforms) = postSolution
		{ABF6C791-D154-409F-B58D-01B33742B9DB}.Debug|Any CPU.ActiveCfg = Debug|Any CPU
		{ABF6C791-D154-409F-B58D-01B33742B9DB}.Debug|Any CPU.Build.0 = Debug|Any CPU
		{ABF6C791-D154-409F-B58D-01B33742B9DB}.Release|Any CPU.ActiveCfg = Release|Any CPU
		{ABF6C791-D154-409F-B58D-01B33742B9DB}.Release|Any CPU.Build.0 = Release|Any CPU
	EndGlobalSection
	GlobalSection(NestedProjects) = preSolution
		{CBD098E2-5627-4DEC-822D-EF27D3C5F012} = {9B5C795D-E50E-44D4-8D21-AA236A849EE4}
		{ABF6C791-D154-409F-B58D-01B33742B9DB} = {CBD098E2-5627-4DEC-822D-EF27D3C5F012}
	EndGlobalSection
EndGlobal
